
Microsoft Visual Studio Solution File, Format Version 12.00
# Visual Studio Version 16
VisualStudioVersion = 16.0.29424.173
MinimumVisualStudioVersion = 10.0.40219.1
Project("{FAE04EC0-301F-11D3-BF4B-00C04F79EFBC}") = "AskMeMobileApp.Android", "AskMeMobileApp\AskMeMobileApp.Android\AskMeMobileApp.Android.csproj", "{27C5EE2A-1D37-4F3A-BC4E-F2FACFCB22AC}"
EndProject
Project("{9A19103F-16F7-4668-BE54-9A1E7A4F7556}") = "AskMeMobileApp", "AskMeMobileApp\AskMeMobileApp\AskMeMobileApp.csproj", "{C9EA2163-1311-4742-8C3E-8979FD408F1F}"
EndProject
Global
	GlobalSection(SolutionConfigurationPlatforms) = preSolution
		Debug|Any CPU = Debug|Any CPU
		Debug|iPhone = Debug|iPhone
		Debug|iPhoneSimulator = Debug|iPhoneSimulator
		Release|Any CPU = Release|Any CPU
		Release|iPhone = Release|iPhone
		Release|iPhoneSimulator = Release|iPhoneSimulator
	EndGlobalSection
	GlobalSection(ProjectConfigurationPlatforms) = postSolution
		{27C5EE2A-1D37-4F3A-BC4E-F2FACFCB22AC}.Debug|Any CPU.ActiveCfg = Debug|Any CPU
		{27C5EE2A-1D37-4F3A-BC4E-F2FACFCB22AC}.Debug|Any CPU.Build.0 = Debug|Any CPU
		{27C5EE2A-1D37-4F3A-BC4E-F2FACFCB22AC}.Debug|Any CPU.Deploy.0 = Debug|Any CPU
		{27C5EE2A-1D37-4F3A-BC4E-F2FACFCB22AC}.Debug|iPhone.ActiveCfg = Debug|Any CPU
		{27C5EE2A-1D37-4F3A-BC4E-F2FACFCB22AC}.Debug|iPhone.Build.0 = Debug|Any CPU
		{27C5EE2A-1D37-4F3A-BC4E-F2FACFCB22AC}.Debug|iPhone.Deploy.0 = Debug|Any CPU
		{27C5EE2A-1D37-4F3A-BC4E-F2FACFCB22AC}.Debug|iPhoneSimulator.ActiveCfg = Debug|Any CPU
		{27C5EE2A-1D37-4F3A-BC4E-F2FACFCB22AC}.Debug|iPhoneSimulator.Build.0 = Debug|Any CPU
		{27C5EE2A-1D37-4F3A-BC4E-F2FACFCB22AC}.Debug|iPhoneSimulator.Deploy.0 = Debug|Any CPU
		{27C5EE2A-1D37-4F3A-BC4E-F2FACFCB22AC}.Release|Any CPU.ActiveCfg = Release|Any CPU
		{27C5EE2A-1D37-4F3A-BC4E-F2FACFCB22AC}.Release|Any CPU.Build.0 = Release|Any CPU
		{27C5EE2A-1D37-4F3A-BC4E-F2FACFCB22AC}.Release|Any CPU.Deploy.0 = Release|Any CPU
		{27C5EE2A-1D37-4F3A-BC4E-F2FACFCB22AC}.Release|iPhone.ActiveCfg = Release|Any CPU
		{27C5EE2A-1D37-4F3A-BC4E-F2FACFCB22AC}.Release|iPhone.Build.0 = Release|Any CPU
		{27C5EE2A-1D37-4F3A-BC4E-F2FACFCB22AC}.Release|iPhone.Deploy.0 = Release|Any CPU
		{27C5EE2A-1D37-4F3A-BC4E-F2FACFCB22AC}.Release|iPhoneSimulator.ActiveCfg = Release|Any CPU
		{27C5EE2A-1D37-4F3A-BC4E-F2FACFCB22AC}.Release|iPhoneSimulator.Build.0 = Release|Any CPU
		{27C5EE2A-1D37-4F3A-BC4E-F2FACFCB22AC}.Release|iPhoneSimulator.Deploy.0 = Release|Any CPU
		{C9EA2163-1311-4742-8C3E-8979FD408F1F}.Debug|Any CPU.ActiveCfg = Debug|Any CPU
		{C9EA2163-1311-4742-8C3E-8979FD408F1F}.Debug|Any CPU.Build.0 = Debug|Any CPU
		{C9EA2163-1311-4742-8C3E-8979FD408F1F}.Debug|Any CPU.Deploy.0 = Debug|Any CPU
		{C9EA2163-1311-4742-8C3E-8979FD408F1F}.Debug|iPhone.ActiveCfg = Debug|Any CPU
		{C9EA2163-1311-4742-8C3E-8979FD408F1F}.Debug|iPhone.Build.0 = Debug|Any CPU
		{C9EA2163-1311-4742-8C3E-8979FD408F1F}.Debug|iPhone.Deploy.0 = Debug|Any CPU
		{C9EA2163-1311-4742-8C3E-8979FD408F1F}.Debug|iPhoneSimulator.ActiveCfg = Debug|Any CPU
		{C9EA2163-1311-4742-8C3E-8979FD408F1F}.Debug|iPhoneSimulator.Build.0 = Debug|Any CPU
		{C9EA2163-1311-4742-8C3E-8979FD408F1F}.Debug|iPhoneSimulator.Deploy.0 = Debug|Any CPU
		{C9EA2163-1311-4742-8C3E-8979FD408F1F}.Release|Any CPU.ActiveCfg = Release|Any CPU
		{C9EA2163-1311-4742-8C3E-8979FD408F1F}.Release|Any CPU.Build.0 = Release|Any CPU
		{C9EA2163-1311-4742-8C3E-8979FD408F1F}.Release|Any CPU.Deploy.0 = Release|Any CPU
		{C9EA2163-1311-4742-8C3E-8979FD408F1F}.Release|iPhone.ActiveCfg = Release|Any CPU
		{C9EA2163-1311-4742-8C3E-8979FD408F1F}.Release|iPhone.Build.0 = Release|Any CPU
		{C9EA2163-1311-4742-8C3E-8979FD408F1F}.Release|iPhone.Deploy.0 = Release|Any CPU
		{C9EA2163-1311-4742-8C3E-8979FD408F1F}.Release|iPhoneSimulator.ActiveCfg = Release|Any CPU
		{C9EA2163-1311-4742-8C3E-8979FD408F1F}.Release|iPhoneSimulator.Build.0 = Release|Any CPU
		{C9EA2163-1311-4742-8C3E-8979FD408F1F}.Release|iPhoneSimulator.Deploy.0 = Release|Any CPU
	EndGlobalSection
	GlobalSection(SolutionProperties) = preSolution
		HideSolutionNode = FALSE
	EndGlobalSection
	GlobalSection(ExtensibilityGlobals) = postSolution
		SolutionGuid = {4296DFB8-BE8C-4CFB-B475-98715FF48D5B}
	EndGlobalSection
EndGlobal
